
Microsoft Visual Studio Solution File, Format Version 12.00
# Visual Studio Version 16
VisualStudioVersion = 16.0.31112.23
MinimumVisualStudioVersion = 10.0.40219.1
Project("{FAE04EC0-301F-11D3-BF4B-00C04F79EFBC}") = "ServerApp", "ServerApp\ServerApp.csproj", "{78D0FC02-2FC0-4466-B2D8-38F151646504}"
EndProject
Global
	GlobalSection(SolutionConfigurationPlatforms) = preSolution
		Debug|Any CPU = Debug|Any CPU
		Release|Any CPU = Release|Any CPU
	EndGlobalSection
	GlobalSection(ProjectConfigurationPlatforms) = postSolution
		{78D0FC02-2FC0-4466-B2D8-38F151646504}.Debug|Any CPU.ActiveCfg = Debug|Any CPU
		{78D0FC02-2FC0-4466-B2D8-38F151646504}.Debug|Any CPU.Build.0 = Debug|Any CPU
		{78D0FC02-2FC0-4466-B2D8-38F151646504}.Release|Any CPU.ActiveCfg = Release|Any CPU
		{78D0FC02-2FC0-4466-B2D8-38F151646504}.Release|Any CPU.Build.0 = Release|Any CPU
	EndGlobalSection
	GlobalSection(SolutionProperties) = preSolution
		HideSolutionNode = FALSE
	EndGlobalSection
	GlobalSection(ExtensibilityGlobals) = postSolution
		SolutionGuid = {A0BC271D-FDA2-442F-98E0-E924D3C91B8F}
	EndGlobalSection
EndGlobal
